
Microsoft Visual Studio Solution File, Format Version 12.00
# Visual Studio Version 17
VisualStudioVersion = 17.7.34024.191
MinimumVisualStudioVersion = 10.0.40219.1
Project("{FAE04EC0-301F-11D3-BF4B-00C04F79EFBC}") = "WowAirwaysLambda", "WowAirwaysLambda\src\WowAirwaysLambda\WowAirwaysLambda.csproj", "{294165E8-22C2-4D6D-869E-87A7C98DD1B4}"
EndProject
Global
	GlobalSection(SolutionConfigurationPlatforms) = preSolution
		Debug|Any CPU = Debug|Any CPU
		Release|Any CPU = Release|Any CPU
	EndGlobalSection
	GlobalSection(ProjectConfigurationPlatforms) = postSolution
		{294165E8-22C2-4D6D-869E-87A7C98DD1B4}.Debug|Any CPU.ActiveCfg = Debug|Any CPU
		{294165E8-22C2-4D6D-869E-87A7C98DD1B4}.Debug|Any CPU.Build.0 = Debug|Any CPU
		{294165E8-22C2-4D6D-869E-87A7C98DD1B4}.Release|Any CPU.ActiveCfg = Release|Any CPU
		{294165E8-22C2-4D6D-869E-87A7C98DD1B4}.Release|Any CPU.Build.0 = Release|Any CPU
	EndGlobalSection
	GlobalSection(SolutionProperties) = preSolution
		HideSolutionNode = FALSE
	EndGlobalSection
	GlobalSection(ExtensibilityGlobals) = postSolution
		SolutionGuid = {8547105F-0027-4678-86FA-90C4D86849C0}
	EndGlobalSection
EndGlobal
